PODS:
  - Alamofire (4.4.0)
  - ChameleonFramework/Default (2.1.0)
  - ChameleonFramework/Swift (2.1.0):
    - ChameleonFramework/Default
  - DatePickerDialog (1.1.7)
  - DropDown (2)
  - FSCalendar (2.7.4)
  - LBTAComponents (0.1.9)
  - MBProgressHUD (1.0.0)
  - paper-onboarding (2.0.1)
  - RAMAnimatedTabBarController (2.0.13)
  - Segmentio (2.1.2)
  - SkyFloatingLabelTextField (3.0.0)
  - SnapKit (3.2.0)
  - Spring (1.0.3)
  - SwiftIconFont (2.6.0)
  - SwiftKeychainWrapper (3.0.1)
  - SwiftyJSON (3.1.4)
  - TRON (2.0.1):
    - Alamofire (~> 4.1)
    - TRON/SwiftyJSON (= 2.0.1)
  - TRON/Core (2.0.1):
    - Alamofire (~> 4.1)
  - TRON/SwiftyJSON (2.0.1):
    - Alamofire (~> 4.1)
    - SwiftyJSON (~> 3.1)
    - TRON/Core

DEPENDENCIES:
  - Alamofire (~> 4.4)
  - ChameleonFramework/Swift (from `https://github.com/ViccAlexander/Chameleon.git`)
  - DatePickerDialog
  - DropDown
  - FSCalendar
  - LBTAComponents
  - MBProgressHUD (~> 1.0.0)
  - paper-onboarding (~> 2.0.1)
  - RAMAnimatedTabBarController (~> 2.0.13)
  - Segmentio (~> 2.1)
  - SkyFloatingLabelTextField (~> 3.0)
  - SnapKit (~> 3.0)
  - Spring (from `https://github.com/MengTo/Spring.git`, branch `swift3`)
  - SwiftIconFont
  - SwiftKeychainWrapper
  - SwiftyJSON
  - TRON (~> 2.0.0)

EXTERNAL SOURCES:
  ChameleonFramework:
    :git: https://github.com/ViccAlexander/Chameleon.git
  Spring:
    :branch: swift3
    :git: https://github.com/MengTo/Spring.git

CHECKOUT OPTIONS:
  ChameleonFramework:
    :commit: acc480fbe023c6e5fe40f68593f4a70a8c4c7ad5
    :git: https://github.com/ViccAlexander/Chameleon.git
  Spring:
    :commit: 8201b5c93bd7ebdf4cd18160bcde1e6e88c2be64
    :git: https://github.com/MengTo/Spring.git

SPEC CHECKSUMS:
  Alamofire: dc44b1600b800eb63da6a19039a0083d62a6a62d
  ChameleonFramework: d21a3cc247abfe5e37609a283a8238b03575cf64
  DatePickerDialog: bd5e7e92e4da2c6a8966b28d5f5d8f335d6c2c63
  DropDown: 744784d9c9aa505100e942c16acd05430cbb2f0a
  FSCalendar: e95995a746acae531c4a7dd636b8393233125ec5
  LBTAComponents: 9a5d314080d1f80208062ccc81a2d25225c5f572
  MBProgressHUD: 4890f671c94e8a0f3cf959aa731e9de2f036d71a
  paper-onboarding: a8e001214d9ce9decf78e160b3823f396dbd51ac
  RAMAnimatedTabBarController: 2510f3b66954c3f77ea1042a35d34df8f5f3b604
  Segmentio: f85114993e305bd9c522952eef8c2c4db732fd17
  SkyFloatingLabelTextField: 35bc0c2653ad73c5fd8b7a34cfedf09c94367a1a
  SnapKit: 1ca44df72cfa543218d177cb8aab029d10d86ea7
  Spring: 3f02b5dc3308572ef177b3cad0fa7bbc4b0706f7
  SwiftIconFont: bbe1f32e1e16bac87dad8566afc80132cb8d072c
  SwiftKeychainWrapper: 38952a3636320ae61bad3513cadd870929de7a4a
  SwiftyJSON: c2842d878f95482ffceec5709abc3d05680c0220
  TRON: 7b9adeb678fe0e25433d207f6a734aaf145fa9b5

PODFILE CHECKSUM: 775a96c4b819498814ba09d6fc779736d0c7b7b6

COCOAPODS: 1.2.1.beta.1
