// !$*UTF8*$!
{
	archiveVersion = 1;
	classes = {
	};
	objectVersion = 46;
	objects = {

/* Begin PBXBuildFile section */
		1619C4131F19537D00CD987D /* CalendarsViewController.swift in Sources */ = {isa = PBXBuildFile; fileRef = 1619C4121F19537D00CD987D /* CalendarsViewController.swift */; };
		1619C4151F19559400CD987D /* CalendarsDataSource.swift in Sources */ = {isa = PBXBuildFile; fileRef = 1619C4141F19559400CD987D /* CalendarsDataSource.swift */; };
		1619C4171F19560F00CD987D /* Calendar.swift in Sources */ = {isa = PBXBuildFile; fileRef = 1619C4161F19560F00CD987D /* Calendar.swift */; };
		1619C4191F19690200CD987D /* CalendarsListCell.swift in Sources */ = {isa = PBXBuildFile; fileRef = 1619C4181F19690200CD987D /* CalendarsListCell.swift */; };
		163FAD351EE7C7BB00486FDA /* LoginViewController.swift in Sources */ = {isa = PBXBuildFile; fileRef = 163FAD341EE7C7BB00486FDA /* LoginViewController.swift */; };
		165531061F046E500076CEBD /* CalendarsDetailViewController.swift in Sources */ = {isa = PBXBuildFile; fileRef = 165531051F046E500076CEBD /* CalendarsDetailViewController.swift */; };
		1690224D1F16D56D00B228BE /* CalendarEvents.swift in Sources */ = {isa = PBXBuildFile; fileRef = 1690224C1F16D56D00B228BE /* CalendarEvents.swift */; };
		16B91CB21F0B41E700D72043 /* CalendarItem.swift in Sources */ = {isa = PBXBuildFile; fileRef = 16B91CB11F0B41E700D72043 /* CalendarItem.swift */; };
		16B91CB41F0B472500D72043 /* CalendarItemDataSource.swift in Sources */ = {isa = PBXBuildFile; fileRef = 16B91CB31F0B472500D72043 /* CalendarItemDataSource.swift */; };
		16BDDE811EFC69F2006AE0CC /* UIComponents.swift in Sources */ = {isa = PBXBuildFile; fileRef = 16BDDE801EFC69F2006AE0CC /* UIComponents.swift */; };
		16CA2B501F143A7F0085E220 /* MenuTabViewController.swift in Sources */ = {isa = PBXBuildFile; fileRef = 16CA2B4F1F143A7F0085E220 /* MenuTabViewController.swift */; };
		16CA2B521F143CC20085E220 /* NavViewController.swift in Sources */ = {isa = PBXBuildFile; fileRef = 16CA2B511F143CC20085E220 /* NavViewController.swift */; };
		16CA2B541F143D920085E220 /* LogoBarButtonItem.swift in Sources */ = {isa = PBXBuildFile; fileRef = 16CA2B531F143D920085E220 /* LogoBarButtonItem.swift */; };
		16CA2B561F143FE90085E220 /* CalendarViewController.swift in Sources */ = {isa = PBXBuildFile; fileRef = 16CA2B551F143FE90085E220 /* CalendarViewController.swift */; };
		16E41B9C1EE652F8001478EB /* AppDelegate.swift in Sources */ = {isa = PBXBuildFile; fileRef = 16E41B9B1EE652F8001478EB /* AppDelegate.swift */; };
		16E41B9E1EE652F8001478EB /* ViewController.swift in Sources */ = {isa = PBXBuildFile; fileRef = 16E41B9D1EE652F8001478EB /* ViewController.swift */; };
		16E41BA11EE652F8001478EB /* Main.storyboard in Resources */ = {isa = PBXBuildFile; fileRef = 16E41B9F1EE652F8001478EB /* Main.storyboard */; };
		16E41BA31EE652F8001478EB /* Assets.xcassets in Resources */ = {isa = PBXBuildFile; fileRef = 16E41BA21EE652F8001478EB /* Assets.xcassets */; };
		16E41BA61EE652F8001478EB /* LaunchScreen.storyboard in Resources */ = {isa = PBXBuildFile; fileRef = 16E41BA41EE652F8001478EB /* LaunchScreen.storyboard */; };
		16E41BB11EE652F9001478EB /* ios_baselineTests.swift in Sources */ = {isa = PBXBuildFile; fileRef = 16E41BB01EE652F9001478EB /* ios_baselineTests.swift */; };
		16E41BBC1EE652F9001478EB /* ios_baselineUITests.swift in Sources */ = {isa = PBXBuildFile; fileRef = 16E41BBB1EE652F9001478EB /* ios_baselineUITests.swift */; };
		16E41BCA1EE65510001478EB /* ApiService.swift in Sources */ = {isa = PBXBuildFile; fileRef = 16E41BC91EE65510001478EB /* ApiService.swift */; };
		16E41BCE1EE6587A001478EB /* Pods_ios_baselineTests.framework in Frameworks */ = {isa = PBXBuildFile; fileRef = 16E41BCD1EE6587A001478EB /* Pods_ios_baselineTests.framework */; };
		16EDF1001EFC785C0052DA67 /* UIColors.swift in Sources */ = {isa = PBXBuildFile; fileRef = 16EDF0FF1EFC785C0052DA67 /* UIColors.swift */; };
		72386801CA5AB8CF2C7D8627 /* Pods_ios_baselineUITests.framework in Frameworks */ = {isa = PBXBuildFile; fileRef = EAACBBFF2E31A20F0EBC4DE0 /* Pods_ios_baselineUITests.framework */; };
		9FA8E28F46BF9946D9EA53FC /* Pods_ios_baselineTests.framework in Frameworks */ = {isa = PBXBuildFile; fileRef = B52766841E2A26A5D881F413 /* Pods_ios_baselineTests.framework */; };
		A7D776206D09331C6AD4B12C /* Pods_ios_baseline.framework in Frameworks */ = {isa = PBXBuildFile; fileRef = 6F0731EF931F8BC9512099BB /* Pods_ios_baseline.framework */; };
/* End PBXBuildFile section */

/* Begin PBXContainerItemProxy section */
		16E41BAD1EE652F9001478EB /* PBXContainerItemProxy */ = {
			isa = PBXContainerItemProxy;
			containerPortal = 16E41B901EE652F8001478EB /* Project object */;
			proxyType = 1;
			remoteGlobalIDString = 16E41B971EE652F8001478EB;
			remoteInfo = ios_baseline;
		};
		16E41BB81EE652F9001478EB /* PBXContainerItemProxy */ = {
			isa = PBXContainerItemProxy;
			containerPortal = 16E41B901EE652F8001478EB /* Project object */;
			proxyType = 1;
			remoteGlobalIDString = 16E41B971EE652F8001478EB;
			remoteInfo = ios_baseline;
		};
/* End PBXContainerItemProxy section */

/* Begin PBXFileReference section */
		1619C4121F19537D00CD987D /* CalendarsViewController.swift */ = {isa = PBXFileReference; fileEncoding = 4; lastKnownFileType = sourcecode.swift; path = CalendarsViewController.swift; sourceTree = "<group>"; };
		1619C4141F19559400CD987D /* CalendarsDataSource.swift */ = {isa = PBXFileReference; fileEncoding = 4; lastKnownFileType = sourcecode.swift; path = CalendarsDataSource.swift; sourceTree = "<group>"; };
		1619C4161F19560F00CD987D /* Calendar.swift */ = {isa = PBXFileReference; fileEncoding = 4; lastKnownFileType = sourcecode.swift; path = Calendar.swift; sourceTree = "<group>"; };
		1619C4181F19690200CD987D /* CalendarsListCell.swift */ = {isa = PBXFileReference; fileEncoding = 4; lastKnownFileType = sourcecode.swift; path = CalendarsListCell.swift; sourceTree = "<group>"; };
		162EFCCA1B3A72FF93ECF8A0 /* Pods-ios_baselineTests.release.xcconfig */ = {isa = PBXFileReference; includeInIndex = 1; lastKnownFileType = text.xcconfig; name = "Pods-ios_baselineTests.release.xcconfig"; path = "Pods/Target Support Files/Pods-ios_baselineTests/Pods-ios_baselineTests.release.xcconfig"; sourceTree = "<group>"; };
		163FAD341EE7C7BB00486FDA /* LoginViewController.swift */ = {isa = PBXFileReference; fileEncoding = 4; lastKnownFileType = sourcecode.swift; path = LoginViewController.swift; sourceTree = "<group>"; };
		165531051F046E500076CEBD /* CalendarsDetailViewController.swift */ = {isa = PBXFileReference; fileEncoding = 4; lastKnownFileType = sourcecode.swift; path = CalendarsDetailViewController.swift; sourceTree = "<group>"; };
		1690224C1F16D56D00B228BE /* CalendarEvents.swift */ = {isa = PBXFileReference; fileEncoding = 4; lastKnownFileType = sourcecode.swift; path = CalendarEvents.swift; sourceTree = "<group>"; };
		16B91CB11F0B41E700D72043 /* CalendarItem.swift */ = {isa = PBXFileReference; fileEncoding = 4; lastKnownFileType = sourcecode.swift; path = CalendarItem.swift; sourceTree = "<group>"; };
		16B91CB31F0B472500D72043 /* CalendarItemDataSource.swift */ = {isa = PBXFileReference; fileEncoding = 4; lastKnownFileType = sourcecode.swift; path = CalendarItemDataSource.swift; sourceTree = "<group>"; };
		16BDDE801EFC69F2006AE0CC /* UIComponents.swift */ = {isa = PBXFileReference; fileEncoding = 4; lastKnownFileType = sourcecode.swift; path = UIComponents.swift; sourceTree = "<group>"; };
		16CA2B4F1F143A7F0085E220 /* MenuTabViewController.swift */ = {isa = PBXFileReference; fileEncoding = 4; lastKnownFileType = sourcecode.swift; path = MenuTabViewController.swift; sourceTree = "<group>"; };
		16CA2B511F143CC20085E220 /* NavViewController.swift */ = {isa = PBXFileReference; fileEncoding = 4; lastKnownFileType = sourcecode.swift; path = NavViewController.swift; sourceTree = "<group>"; };
		16CA2B531F143D920085E220 /* LogoBarButtonItem.swift */ = {isa = PBXFileReference; fileEncoding = 4; lastKnownFileType = sourcecode.swift; path = LogoBarButtonItem.swift; sourceTree = "<group>"; };
		16CA2B551F143FE90085E220 /* CalendarViewController.swift */ = {isa = PBXFileReference; fileEncoding = 4; lastKnownFileType = sourcecode.swift; path = CalendarViewController.swift; sourceTree = "<group>"; };
		16E41B981EE652F8001478EB /* Insomnia.app */ = {isa = PBXFileReference; explicitFileType = wrapper.application; includeInIndex = 0; path = Insomnia.app; sourceTree = BUILT_PRODUCTS_DIR; };
		16E41B9B1EE652F8001478EB /* AppDelegate.swift */ = {isa = PBXFileReference; lastKnownFileType = sourcecode.swift; path = AppDelegate.swift; sourceTree = "<group>"; };
		16E41B9D1EE652F8001478EB /* ViewController.swift */ = {isa = PBXFileReference; lastKnownFileType = sourcecode.swift; path = ViewController.swift; sourceTree = "<group>"; };
		16E41BA01EE652F8001478EB /* Base */ = {isa = PBXFileReference; lastKnownFileType = file.storyboard; name = Base; path = Base.lproj/Main.storyboard; sourceTree = "<group>"; };
		16E41BA21EE652F8001478EB /* Assets.xcassets */ = {isa = PBXFileReference; lastKnownFileType = folder.assetcatalog; path = Assets.xcassets; sourceTree = "<group>"; };
		16E41BA51EE652F8001478EB /* Base */ = {isa = PBXFileReference; lastKnownFileType = file.storyboard; name = Base; path = Base.lproj/LaunchScreen.storyboard; sourceTree = "<group>"; };
		16E41BA71EE652F8001478EB /* Info.plist */ = {isa = PBXFileReference; lastKnownFileType = text.plist.xml; path = Info.plist; sourceTree = "<group>"; };
		16E41BAC1EE652F9001478EB /* ios_baselineTests.xctest */ = {isa = PBXFileReference; explicitFileType = wrapper.cfbundle; includeInIndex = 0; path = ios_baselineTests.xctest; sourceTree = BUILT_PRODUCTS_DIR; };
		16E41BB01EE652F9001478EB /* ios_baselineTests.swift */ = {isa = PBXFileReference; lastKnownFileType = sourcecode.swift; path = ios_baselineTests.swift; sourceTree = "<group>"; };
		16E41BB21EE652F9001478EB /* Info.plist */ = {isa = PBXFileReference; lastKnownFileType = text.plist.xml; path = Info.plist; sourceTree = "<group>"; };
		16E41BB71EE652F9001478EB /* ios_baselineUITests.xctest */ = {isa = PBXFileReference; explicitFileType = wrapper.cfbundle; includeInIndex = 0; path = ios_baselineUITests.xctest; sourceTree = BUILT_PRODUCTS_DIR; };
		16E41BBB1EE652F9001478EB /* ios_baselineUITests.swift */ = {isa = PBXFileReference; lastKnownFileType = sourcecode.swift; path = ios_baselineUITests.swift; sourceTree = "<group>"; };
		16E41BBD1EE652F9001478EB /* Info.plist */ = {isa = PBXFileReference; lastKnownFileType = text.plist.xml; path = Info.plist; sourceTree = "<group>"; };
		16E41BC91EE65510001478EB /* ApiService.swift */ = {isa = PBXFileReference; fileEncoding = 4; lastKnownFileType = sourcecode.swift; path = ApiService.swift; sourceTree = "<group>"; };
		16E41BCB1EE65868001478EB /* Pods_ios_baselineTests.framework */ = {isa = PBXFileReference; lastKnownFileType = wrapper.framework; name = Pods_ios_baselineTests.framework; path = "Pods/../build/Debug-iphoneos/Pods_ios_baselineTests.framework"; sourceTree = "<group>"; };
		16E41BCD1EE6587A001478EB /* Pods_ios_baselineTests.framework */ = {isa = PBXFileReference; lastKnownFileType = wrapper.framework; name = Pods_ios_baselineTests.framework; path = "Pods/../build/Debug-iphoneos/Pods_ios_baselineTests.framework"; sourceTree = "<group>"; };
		16EDF0FF1EFC785C0052DA67 /* UIColors.swift */ = {isa = PBXFileReference; fileEncoding = 4; lastKnownFileType = sourcecode.swift; path = UIColors.swift; sourceTree = "<group>"; };
		402DA56422FB9BBC54653B8E /* Pods-ios_baselineUITests.release.xcconfig */ = {isa = PBXFileReference; includeInIndex = 1; lastKnownFileType = text.xcconfig; name = "Pods-ios_baselineUITests.release.xcconfig"; path = "Pods/Target Support Files/Pods-ios_baselineUITests/Pods-ios_baselineUITests.release.xcconfig"; sourceTree = "<group>"; };
		6F0731EF931F8BC9512099BB /* Pods_ios_baseline.framework */ = {isa = PBXFileReference; explicitFileType = wrapper.framework; includeInIndex = 0; path = Pods_ios_baseline.framework; sourceTree = BUILT_PRODUCTS_DIR; };
		882DFE79F092A6FFC23B492B /* Pods-ios_baseline.release.xcconfig */ = {isa = PBXFileReference; includeInIndex = 1; lastKnownFileType = text.xcconfig; name = "Pods-ios_baseline.release.xcconfig"; path = "Pods/Target Support Files/Pods-ios_baseline/Pods-ios_baseline.release.xcconfig"; sourceTree = "<group>"; };
		B52766841E2A26A5D881F413 /* Pods_ios_baselineTests.framework */ = {isa = PBXFileReference; explicitFileType = wrapper.framework; includeInIndex = 0; path = Pods_ios_baselineTests.framework; sourceTree = BUILT_PRODUCTS_DIR; };
		BBFDE0EEA41A730FD5D0A2DD /* Pods-ios_baseline.debug.xcconfig */ = {isa = PBXFileReference; includeInIndex = 1; lastKnownFileType = text.xcconfig; name = "Pods-ios_baseline.debug.xcconfig"; path = "Pods/Target Support Files/Pods-ios_baseline/Pods-ios_baseline.debug.xcconfig"; sourceTree = "<group>"; };
		D2D3B9F9F172560EBDBF7F55 /* Pods-ios_baselineTests.debug.xcconfig */ = {isa = PBXFileReference; includeInIndex = 1; lastKnownFileType = text.xcconfig; name = "Pods-ios_baselineTests.debug.xcconfig"; path = "Pods/Target Support Files/Pods-ios_baselineTests/Pods-ios_baselineTests.debug.xcconfig"; sourceTree = "<group>"; };
		D84C56C60BED1A096C4FF68D /* Pods-ios_baselineUITests.debug.xcconfig */ = {isa = PBXFileReference; includeInIndex = 1; lastKnownFileType = text.xcconfig; name = "Pods-ios_baselineUITests.debug.xcconfig"; path = "Pods/Target Support Files/Pods-ios_baselineUITests/Pods-ios_baselineUITests.debug.xcconfig"; sourceTree = "<group>"; };
		EAACBBFF2E31A20F0EBC4DE0 /* Pods_ios_baselineUITests.framework */ = {isa = PBXFileReference; explicitFileType = wrapper.framework; includeInIndex = 0; path = Pods_ios_baselineUITests.framework; sourceTree = BUILT_PRODUCTS_DIR; };
/* End PBXFileReference section */

/* Begin PBXFrameworksBuildPhase section */
		16E41B951EE652F8001478EB /* Frameworks */ = {
			isa = PBXFrameworksBuildPhase;
			buildActionMask = 2147483647;
			files = (
				16E41BCE1EE6587A001478EB /* Pods_ios_baselineTests.framework in Frameworks */,
				A7D776206D09331C6AD4B12C /* Pods_ios_baseline.framework in Frameworks */,
			);
			runOnlyForDeploymentPostprocessing = 0;
		};
		16E41BA91EE652F9001478EB /* Frameworks */ = {
			isa = PBXFrameworksBuildPhase;
			buildActionMask = 2147483647;
			files = (
				9FA8E28F46BF9946D9EA53FC /* Pods_ios_baselineTests.framework in Frameworks */,
			);
			runOnlyForDeploymentPostprocessing = 0;
		};
		16E41BB41EE652F9001478EB /* Frameworks */ = {
			isa = PBXFrameworksBuildPhase;
			buildActionMask = 2147483647;
			files = (
				72386801CA5AB8CF2C7D8627 /* Pods_ios_baselineUITests.framework in Frameworks */,
			);
			runOnlyForDeploymentPostprocessing = 0;
		};
/* End PBXFrameworksBuildPhase section */

/* Begin PBXGroup section */
		1619C41B1F197BC000CD987D /* Controllers */ = {
			isa = PBXGroup;
			children = (
				163FAD341EE7C7BB00486FDA /* LoginViewController.swift */,
				165531051F046E500076CEBD /* CalendarsDetailViewController.swift */,
				16CA2B4F1F143A7F0085E220 /* MenuTabViewController.swift */,
				16CA2B511F143CC20085E220 /* NavViewController.swift */,
				16CA2B551F143FE90085E220 /* CalendarViewController.swift */,
				1619C4121F19537D00CD987D /* CalendarsViewController.swift */,
			);
			name = Controllers;
			sourceTree = "<group>";
		};
		16B91CB01F0B41CF00D72043 /* Models */ = {
			isa = PBXGroup;
			children = (
				16B91CB11F0B41E700D72043 /* CalendarItem.swift */,
				16B91CB31F0B472500D72043 /* CalendarItemDataSource.swift */,
				1690224C1F16D56D00B228BE /* CalendarEvents.swift */,
				1619C4141F19559400CD987D /* CalendarsDataSource.swift */,
				1619C4161F19560F00CD987D /* Calendar.swift */,
				1619C4181F19690200CD987D /* CalendarsListCell.swift */,
			);
			name = Models;
			sourceTree = "<group>";
		};
		16E41B8F1EE652F8001478EB = {
			isa = PBXGroup;
			children = (
				16E41B9A1EE652F8001478EB /* ios_baseline */,
				16E41BAF1EE652F9001478EB /* ios_baselineTests */,
				16E41BBA1EE652F9001478EB /* ios_baselineUITests */,
				16E41B991EE652F8001478EB /* Products */,
				6B6A3D600956AC4E56944B1D /* Pods */,
				DCA32515D90EC738B4643FD8 /* Frameworks */,
			);
			sourceTree = "<group>";
		};
		16E41B991EE652F8001478EB /* Products */ = {
			isa = PBXGroup;
			children = (
				16E41B981EE652F8001478EB /* Insomnia.app */,
				16E41BAC1EE652F9001478EB /* ios_baselineTests.xctest */,
				16E41BB71EE652F9001478EB /* ios_baselineUITests.xctest */,
			);
			name = Products;
			sourceTree = "<group>";
		};
		16E41B9A1EE652F8001478EB /* ios_baseline */ = {
			isa = PBXGroup;
			children = (
				1619C41B1F197BC000CD987D /* Controllers */,
				16B91CB01F0B41CF00D72043 /* Models */,
				16E41B9B1EE652F8001478EB /* AppDelegate.swift */,
				16E41B9D1EE652F8001478EB /* ViewController.swift */,
				16E41B9F1EE652F8001478EB /* Main.storyboard */,
				16E41BA21EE652F8001478EB /* Assets.xcassets */,
				16E41BA41EE652F8001478EB /* LaunchScreen.storyboard */,
				16E41BA71EE652F8001478EB /* Info.plist */,
				16E41BC91EE65510001478EB /* ApiService.swift */,
				16BDDE801EFC69F2006AE0CC /* UIComponents.swift */,
				16EDF0FF1EFC785C0052DA67 /* UIColors.swift */,
				16CA2B531F143D920085E220 /* LogoBarButtonItem.swift */,
			);
			path = ios_baseline;
			sourceTree = "<group>";
		};
		16E41BAF1EE652F9001478EB /* ios_baselineTests */ = {
			isa = PBXGroup;
			children = (
				16E41BB01EE652F9001478EB /* ios_baselineTests.swift */,
				16E41BB21EE652F9001478EB /* Info.plist */,
			);
			path = ios_baselineTests;
			sourceTree = "<group>";
		};
		16E41BBA1EE652F9001478EB /* ios_baselineUITests */ = {
			isa = PBXGroup;
			children = (
				16E41BBB1EE652F9001478EB /* ios_baselineUITests.swift */,
				16E41BBD1EE652F9001478EB /* Info.plist */,
			);
			path = ios_baselineUITests;
			sourceTree = "<group>";
		};
		6B6A3D600956AC4E56944B1D /* Pods */ = {
			isa = PBXGroup;
			children = (
				BBFDE0EEA41A730FD5D0A2DD /* Pods-ios_baseline.debug.xcconfig */,
				882DFE79F092A6FFC23B492B /* Pods-ios_baseline.release.xcconfig */,
				D2D3B9F9F172560EBDBF7F55 /* Pods-ios_baselineTests.debug.xcconfig */,
				162EFCCA1B3A72FF93ECF8A0 /* Pods-ios_baselineTests.release.xcconfig */,
				D84C56C60BED1A096C4FF68D /* Pods-ios_baselineUITests.debug.xcconfig */,
				402DA56422FB9BBC54653B8E /* Pods-ios_baselineUITests.release.xcconfig */,
			);
			name = Pods;
			sourceTree = "<group>";
		};
		DCA32515D90EC738B4643FD8 /* Frameworks */ = {
			isa = PBXGroup;
			children = (
				16E41BCD1EE6587A001478EB /* Pods_ios_baselineTests.framework */,
				16E41BCB1EE65868001478EB /* Pods_ios_baselineTests.framework */,
				6F0731EF931F8BC9512099BB /* Pods_ios_baseline.framework */,
				B52766841E2A26A5D881F413 /* Pods_ios_baselineTests.framework */,
				EAACBBFF2E31A20F0EBC4DE0 /* Pods_ios_baselineUITests.framework */,
			);
			name = Frameworks;
			sourceTree = "<group>";
		};
/* End PBXGroup section */

/* Begin PBXNativeTarget section */
		16E41B971EE652F8001478EB /* ios_baseline */ = {
			isa = PBXNativeTarget;
			buildConfigurationList = 16E41BC01EE652F9001478EB /* Build configuration list for PBXNativeTarget "ios_baseline" */;
			buildPhases = (
				5F6DF67031256C3F20BD4164 /* [CP] Check Pods Manifest.lock */,
				16E41B941EE652F8001478EB /* Sources */,
				16E41B951EE652F8001478EB /* Frameworks */,
				16E41B961EE652F8001478EB /* Resources */,
				10CAEEBE1DD8D17B17F8778E /* [CP] Embed Pods Frameworks */,
				BC2209A08B8D32B818F8A063 /* [CP] Copy Pods Resources */,
			);
			buildRules = (
			);
			dependencies = (
			);
			name = ios_baseline;
			productName = ios_baseline;
			productReference = 16E41B981EE652F8001478EB /* Insomnia.app */;
			productType = "com.apple.product-type.application";
		};
		16E41BAB1EE652F9001478EB /* ios_baselineTests */ = {
			isa = PBXNativeTarget;
			buildConfigurationList = 16E41BC31EE652F9001478EB /* Build configuration list for PBXNativeTarget "ios_baselineTests" */;
			buildPhases = (
				0978AB1A15B863149DEADD93 /* [CP] Check Pods Manifest.lock */,
				16E41BA81EE652F9001478EB /* Sources */,
				16E41BA91EE652F9001478EB /* Frameworks */,
				16E41BAA1EE652F9001478EB /* Resources */,
				AA2A5AAEAFF3B523BA5224BD /* [CP] Embed Pods Frameworks */,
				D25E1D60EAA32CE03407F735 /* [CP] Copy Pods Resources */,
			);
			buildRules = (
			);
			dependencies = (
				16E41BAE1EE652F9001478EB /* PBXTargetDependency */,
			);
			name = ios_baselineTests;
			productName = ios_baselineTests;
			productReference = 16E41BAC1EE652F9001478EB /* ios_baselineTests.xctest */;
			productType = "com.apple.product-type.bundle.unit-test";
		};
		16E41BB61EE652F9001478EB /* ios_baselineUITests */ = {
			isa = PBXNativeTarget;
			buildConfigurationList = 16E41BC61EE652F9001478EB /* Build configuration list for PBXNativeTarget "ios_baselineUITests" */;
			buildPhases = (
				1961AE8A29FFF3AB15523C07 /* [CP] Check Pods Manifest.lock */,
				16E41BB31EE652F9001478EB /* Sources */,
				16E41BB41EE652F9001478EB /* Frameworks */,
				16E41BB51EE652F9001478EB /* Resources */,
				2AFDF1AF2D6CFAD73DB7033F /* [CP] Embed Pods Frameworks */,
				86C333D2A54658BE09DC5B73 /* [CP] Copy Pods Resources */,
			);
			buildRules = (
			);
			dependencies = (
				16E41BB91EE652F9001478EB /* PBXTargetDependency */,
			);
			name = ios_baselineUITests;
			productName = ios_baselineUITests;
			productReference = 16E41BB71EE652F9001478EB /* ios_baselineUITests.xctest */;
			productType = "com.apple.product-type.bundle.ui-testing";
		};
/* End PBXNativeTarget section */

/* Begin PBXProject section */
		16E41B901EE652F8001478EB /* Project object */ = {
			isa = PBXProject;
			attributes = {
				LastSwiftUpdateCheck = 0830;
				LastUpgradeCheck = 0830;
				ORGANIZATIONNAME = "Harvin Llanes";
				TargetAttributes = {
					16E41B971EE652F8001478EB = {
						CreatedOnToolsVersion = 8.3.1;
						DevelopmentTeam = Q3Q7QT67NG;
						ProvisioningStyle = Automatic;
					};
					16E41BAB1EE652F9001478EB = {
						CreatedOnToolsVersion = 8.3.1;
						DevelopmentTeam = Q3Q7QT67NG;
						ProvisioningStyle = Automatic;
						TestTargetID = 16E41B971EE652F8001478EB;
					};
					16E41BB61EE652F9001478EB = {
						CreatedOnToolsVersion = 8.3.1;
						DevelopmentTeam = Q3Q7QT67NG;
						ProvisioningStyle = Automatic;
						TestTargetID = 16E41B971EE652F8001478EB;
					};
				};
			};
			buildConfigurationList = 16E41B931EE652F8001478EB /* Build configuration list for PBXProject "ios_baseline" */;
			compatibilityVersion = "Xcode 3.2";
			developmentRegion = English;
			hasScannedForEncodings = 0;
			knownRegions = (
				en,
				Base,
			);
			mainGroup = 16E41B8F1EE652F8001478EB;
			productRefGroup = 16E41B991EE652F8001478EB /* Products */;
			projectDirPath = "";
			projectRoot = "";
			targets = (
				16E41B971EE652F8001478EB /* ios_baseline */,
				16E41BAB1EE652F9001478EB /* ios_baselineTests */,
				16E41BB61EE652F9001478EB /* ios_baselineUITests */,
			);
		};
/* End PBXProject section */

/* Begin PBXResourcesBuildPhase section */
		16E41B961EE652F8001478EB /* Resources */ = {
			isa = PBXResourcesBuildPhase;
			buildActionMask = 2147483647;
			files = (
				16E41BA61EE652F8001478EB /* LaunchScreen.storyboard in Resources */,
				16E41BA31EE652F8001478EB /* Assets.xcassets in Resources */,
				16E41BA11EE652F8001478EB /* Main.storyboard in Resources */,
			);
			runOnlyForDeploymentPostprocessing = 0;
		};
		16E41BAA1EE652F9001478EB /* Resources */ = {
			isa = PBXResourcesBuildPhase;
			buildActionMask = 2147483647;
			files = (
			);
			runOnlyForDeploymentPostprocessing = 0;
		};
		16E41BB51EE652F9001478EB /* Resources */ = {
			isa = PBXResourcesBuildPhase;
			buildActionMask = 2147483647;
			files = (
			);
			runOnlyForDeploymentPostprocessing = 0;
		};
/* End PBXResourcesBuildPhase section */

/* Begin PBXShellScriptBuildPhase section */
		0978AB1A15B863149DEADD93 /* [CP] Check Pods Manifest.lock */ = {
			isa = PBXShellScriptBuildPhase;
			buildActionMask = 2147483647;
			files = (
			);
			inputPaths = (
			);
			name = "[CP] Check Pods Manifest.lock";
			outputPaths = (
			);
			runOnlyForDeploymentPostprocessing = 0;
			shellPath = /bin/sh;
			shellScript = "diff \"${PODS_PODFILE_DIR_PATH}/Podfile.lock\" \"${PODS_ROOT}/Manifest.lock\" > /dev/null\nif [ $? != 0 ] ; then\n    # print error to STDERR\n    echo \"error: The sandbox is not in sync with the Podfile.lock. Run 'pod install' or update your CocoaPods installation.\" >&2\n    exit 1\nfi\n";
			showEnvVarsInLog = 0;
		};
		10CAEEBE1DD8D17B17F8778E /* [CP] Embed Pods Frameworks */ = {
			isa = PBXShellScriptBuildPhase;
			buildActionMask = 2147483647;
			files = (
			);
			inputPaths = (
			);
			name = "[CP] Embed Pods Frameworks";
			outputPaths = (
			);
			runOnlyForDeploymentPostprocessing = 0;
			shellPath = /bin/sh;
			shellScript = "\"${SRCROOT}/Pods/Target Support Files/Pods-ios_baseline/Pods-ios_baseline-frameworks.sh\"\n";
			showEnvVarsInLog = 0;
		};
		1961AE8A29FFF3AB15523C07 /* [CP] Check Pods Manifest.lock */ = {
			isa = PBXShellScriptBuildPhase;
			buildActionMask = 2147483647;
			files = (
			);
			inputPaths = (
			);
			name = "[CP] Check Pods Manifest.lock";
			outputPaths = (
			);
			runOnlyForDeploymentPostprocessing = 0;
			shellPath = /bin/sh;
			shellScript = "diff \"${PODS_PODFILE_DIR_PATH}/Podfile.lock\" \"${PODS_ROOT}/Manifest.lock\" > /dev/null\nif [ $? != 0 ] ; then\n    # print error to STDERR\n    echo \"error: The sandbox is not in sync with the Podfile.lock. Run 'pod install' or update your CocoaPods installation.\" >&2\n    exit 1\nfi\n";
			showEnvVarsInLog = 0;
		};
		2AFDF1AF2D6CFAD73DB7033F /* [CP] Embed Pods Frameworks */ = {
			isa = PBXShellScriptBuildPhase;
			buildActionMask = 2147483647;
			files = (
			);
			inputPaths = (
			);
			name = "[CP] Embed Pods Frameworks";
			outputPaths = (
			);
			runOnlyForDeploymentPostprocessing = 0;
			shellPath = /bin/sh;
			shellScript = "\"${SRCROOT}/Pods/Target Support Files/Pods-ios_baselineUITests/Pods-ios_baselineUITests-frameworks.sh\"\n";
			showEnvVarsInLog = 0;
		};
		5F6DF67031256C3F20BD4164 /* [CP] Check Pods Manifest.lock */ = {
			isa = PBXShellScriptBuildPhase;
			buildActionMask = 2147483647;
			files = (
			);
			inputPaths = (
			);
			name = "[CP] Check Pods Manifest.lock";
			outputPaths = (
			);
			runOnlyForDeploymentPostprocessing = 0;
			shellPath = /bin/sh;
			shellScript = "diff \"${PODS_PODFILE_DIR_PATH}/Podfile.lock\" \"${PODS_ROOT}/Manifest.lock\" > /dev/null\nif [ $? != 0 ] ; then\n    # print error to STDERR\n    echo \"error: The sandbox is not in sync with the Podfile.lock. Run 'pod install' or update your CocoaPods installation.\" >&2\n    exit 1\nfi\n";
			showEnvVarsInLog = 0;
		};
		86C333D2A54658BE09DC5B73 /* [CP] Copy Pods Resources */ = {
			isa = PBXShellScriptBuildPhase;
			buildActionMask = 2147483647;
			files = (
			);
			inputPaths = (
			);
			name = "[CP] Copy Pods Resources";
			outputPaths = (
			);
			runOnlyForDeploymentPostprocessing = 0;
			shellPath = /bin/sh;
			shellScript = "\"${SRCROOT}/Pods/Target Support Files/Pods-ios_baselineUITests/Pods-ios_baselineUITests-resources.sh\"\n";
			showEnvVarsInLog = 0;
		};
		AA2A5AAEAFF3B523BA5224BD /* [CP] Embed Pods Frameworks */ = {
			isa = PBXShellScriptBuildPhase;
			buildActionMask = 2147483647;
			files = (
			);
			inputPaths = (
			);
			name = "[CP] Embed Pods Frameworks";
			outputPaths = (
			);
			runOnlyForDeploymentPostprocessing = 0;
			shellPath = /bin/sh;
			shellScript = "\"${SRCROOT}/Pods/Target Support Files/Pods-ios_baselineTests/Pods-ios_baselineTests-frameworks.sh\"\n";
			showEnvVarsInLog = 0;
		};
		BC2209A08B8D32B818F8A063 /* [CP] Copy Pods Resources */ = {
			isa = PBXShellScriptBuildPhase;
			buildActionMask = 2147483647;
			files = (
			);
			inputPaths = (
			);
			name = "[CP] Copy Pods Resources";
			outputPaths = (
			);
			runOnlyForDeploymentPostprocessing = 0;
			shellPath = /bin/sh;
			shellScript = "\"${SRCROOT}/Pods/Target Support Files/Pods-ios_baseline/Pods-ios_baseline-resources.sh\"\n";
			showEnvVarsInLog = 0;
		};
		D25E1D60EAA32CE03407F735 /* [CP] Copy Pods Resources */ = {
			isa = PBXShellScriptBuildPhase;
			buildActionMask = 2147483647;
			files = (
			);
			inputPaths = (
			);
			name = "[CP] Copy Pods Resources";
			outputPaths = (
			);
			runOnlyForDeploymentPostprocessing = 0;
			shellPath = /bin/sh;
			shellScript = "\"${SRCROOT}/Pods/Target Support Files/Pods-ios_baselineTests/Pods-ios_baselineTests-resources.sh\"\n";
			showEnvVarsInLog = 0;
		};
/* End PBXShellScriptBuildPhase section */

/* Begin PBXSourcesBuildPhase section */
		16E41B941EE652F8001478EB /* Sources */ = {
			isa = PBXSourcesBuildPhase;
			buildActionMask = 2147483647;
			files = (
				16CA2B541F143D920085E220 /* LogoBarButtonItem.swift in Sources */,
				163FAD351EE7C7BB00486FDA /* LoginViewController.swift in Sources */,
				1619C4131F19537D00CD987D /* CalendarsViewController.swift in Sources */,
				1690224D1F16D56D00B228BE /* CalendarEvents.swift in Sources */,
				165531061F046E500076CEBD /* CalendarsDetailViewController.swift in Sources */,
				16CA2B521F143CC20085E220 /* NavViewController.swift in Sources */,
				16E41B9E1EE652F8001478EB /* ViewController.swift in Sources */,
				16CA2B501F143A7F0085E220 /* MenuTabViewController.swift in Sources */,
				16E41B9C1EE652F8001478EB /* AppDelegate.swift in Sources */,
				16BDDE811EFC69F2006AE0CC /* UIComponents.swift in Sources */,
				16CA2B561F143FE90085E220 /* CalendarViewController.swift in Sources */,
				16E41BCA1EE65510001478EB /* ApiService.swift in Sources */,
				1619C4151F19559400CD987D /* CalendarsDataSource.swift in Sources */,
				16B91CB41F0B472500D72043 /* CalendarItemDataSource.swift in Sources */,
				1619C4171F19560F00CD987D /* Calendar.swift in Sources */,
				16B91CB21F0B41E700D72043 /* CalendarItem.swift in Sources */,
				16EDF1001EFC785C0052DA67 /* UIColors.swift in Sources */,
				1619C4191F19690200CD987D /* CalendarsListCell.swift in Sources */,
			);
			runOnlyForDeploymentPostprocessing = 0;
		};
		16E41BA81EE652F9001478EB /* Sources */ = {
			isa = PBXSourcesBuildPhase;
			buildActionMask = 2147483647;
			files = (
				16E41BB11EE652F9001478EB /* ios_baselineTests.swift in Sources */,
			);
			runOnlyForDeploymentPostprocessing = 0;
		};
		16E41BB31EE652F9001478EB /* Sources */ = {
			isa = PBXSourcesBuildPhase;
			buildActionMask = 2147483647;
			files = (
				16E41BBC1EE652F9001478EB /* ios_baselineUITests.swift in Sources */,
			);
			runOnlyForDeploymentPostprocessing = 0;
		};
/* End PBXSourcesBuildPhase section */

/* Begin PBXTargetDependency section */
		16E41BAE1EE652F9001478EB /* PBXTargetDependency */ = {
			isa = PBXTargetDependency;
			target = 16E41B971EE652F8001478EB /* ios_baseline */;
			targetProxy = 16E41BAD1EE652F9001478EB /* PBXContainerItemProxy */;
		};
		16E41BB91EE652F9001478EB /* PBXTargetDependency */ = {
			isa = PBXTargetDependency;
			target = 16E41B971EE652F8001478EB /* ios_baseline */;
			targetProxy = 16E41BB81EE652F9001478EB /* PBXContainerItemProxy */;
		};
/* End PBXTargetDependency section */

/* Begin PBXVariantGroup section */
		16E41B9F1EE652F8001478EB /* Main.storyboard */ = {
			isa = PBXVariantGroup;
			children = (
				16E41BA01EE652F8001478EB /* Base */,
			);
			name = Main.storyboard;
			sourceTree = "<group>";
		};
		16E41BA41EE652F8001478EB /* LaunchScreen.storyboard */ = {
			isa = PBXVariantGroup;
			children = (
				16E41BA51EE652F8001478EB /* Base */,
			);
			name = LaunchScreen.storyboard;
			sourceTree = "<group>";
		};
/* End PBXVariantGroup section */

/* Begin XCBuildConfiguration section */
		16E41BBE1EE652F9001478EB /* Debug */ = {
			isa = XCBuildConfiguration;
			buildSettings = {
				ALWAYS_SEARCH_USER_PATHS = NO;
				CLANG_ANALYZER_NONNULL = YES;
				CLANG_ANALYZER_NUMBER_OBJECT_CONVERSION = YES_AGGRESSIVE;
				CLANG_CXX_LANGUAGE_STANDARD = "gnu++0x";
				CLANG_CXX_LIBRARY = "libc++";
				CLANG_ENABLE_MODULES = YES;
				CLANG_ENABLE_OBJC_ARC = YES;
				CLANG_WARN_BOOL_CONVERSION = YES;
				CLANG_WARN_CONSTANT_CONVERSION = YES;
				CLANG_WARN_DIRECT_OBJC_ISA_USAGE = YES_ERROR;
				CLANG_WARN_DOCUMENTATION_COMMENTS = YES;
				CLANG_WARN_EMPTY_BODY = YES;
				CLANG_WARN_ENUM_CONVERSION = YES;
				CLANG_WARN_INFINITE_RECURSION = YES;
				CLANG_WARN_INT_CONVERSION = YES;
				CLANG_WARN_OBJC_ROOT_CLASS = YES_ERROR;
				CLANG_WARN_SUSPICIOUS_MOVE = YES;
				CLANG_WARN_UNREACHABLE_CODE = YES;
				CLANG_WARN__DUPLICATE_METHOD_MATCH = YES;
				"CODE_SIGN_IDENTITY[sdk=iphoneos*]" = "iPhone Developer";
				COPY_PHASE_STRIP = NO;
				DEBUG_INFORMATION_FORMAT = dwarf;
				ENABLE_STRICT_OBJC_MSGSEND = YES;
				ENABLE_TESTABILITY = YES;
				GCC_C_LANGUAGE_STANDARD = gnu99;
				GCC_DYNAMIC_NO_PIC = NO;
				GCC_NO_COMMON_BLOCKS = YES;
				GCC_OPTIMIZATION_LEVEL = 0;
				GCC_PREPROCESSOR_DEFINITIONS = (
					"DEBUG=1",
					"$(inherited)",
				);
				GCC_WARN_64_TO_32_BIT_CONVERSION = YES;
				GCC_WARN_ABOUT_RETURN_TYPE = YES_ERROR;
				GCC_WARN_UNDECLARED_SELECTOR = YES;
				GCC_WARN_UNINITIALIZED_AUTOS = YES_AGGRESSIVE;
				GCC_WARN_UNUSED_FUNCTION = YES;
				GCC_WARN_UNUSED_VARIABLE = YES;
				IPHONEOS_DEPLOYMENT_TARGET = 10.3;
				MTL_ENABLE_DEBUG_INFO = YES;
				ONLY_ACTIVE_ARCH = YES;
				SDKROOT = iphoneos;
				SWIFT_ACTIVE_COMPILATION_CONDITIONS = DEBUG;
				SWIFT_OPTIMIZATION_LEVEL = "-Onone";
			};
			name = Debug;
		};
		16E41BBF1EE652F9001478EB /* Release */ = {
			isa = XCBuildConfiguration;
			buildSettings = {
				ALWAYS_SEARCH_USER_PATHS = NO;
				CLANG_ANALYZER_NONNULL = YES;
				CLANG_ANALYZER_NUMBER_OBJECT_CONVERSION = YES_AGGRESSIVE;
				CLANG_CXX_LANGUAGE_STANDARD = "gnu++0x";
				CLANG_CXX_LIBRARY = "libc++";
				CLANG_ENABLE_MODULES = YES;
				CLANG_ENABLE_OBJC_ARC = YES;
				CLANG_WARN_BOOL_CONVERSION = YES;
				CLANG_WARN_CONSTANT_CONVERSION = YES;
				CLANG_WARN_DIRECT_OBJC_ISA_USAGE = YES_ERROR;
				CLANG_WARN_DOCUMENTATION_COMMENTS = YES;
				CLANG_WARN_EMPTY_BODY = YES;
				CLANG_WARN_ENUM_CONVERSION = YES;
				CLANG_WARN_INFINITE_RECURSION = YES;
				CLANG_WARN_INT_CONVERSION = YES;
				CLANG_WARN_OBJC_ROOT_CLASS = YES_ERROR;
				CLANG_WARN_SUSPICIOUS_MOVE = YES;
				CLANG_WARN_UNREACHABLE_CODE = YES;
				CLANG_WARN__DUPLICATE_METHOD_MATCH = YES;
				"CODE_SIGN_IDENTITY[sdk=iphoneos*]" = "iPhone Developer";
				COPY_PHASE_STRIP = NO;
				DEBUG_INFORMATION_FORMAT = "dwarf-with-dsym";
				ENABLE_NS_ASSERTIONS = NO;
				ENABLE_STRICT_OBJC_MSGSEND = YES;
				GCC_C_LANGUAGE_STANDARD = gnu99;
				GCC_NO_COMMON_BLOCKS = YES;
				GCC_WARN_64_TO_32_BIT_CONVERSION = YES;
				GCC_WARN_ABOUT_RETURN_TYPE = YES_ERROR;
				GCC_WARN_UNDECLARED_SELECTOR = YES;
				GCC_WARN_UNINITIALIZED_AUTOS = YES_AGGRESSIVE;
				GCC_WARN_UNUSED_FUNCTION = YES;
				GCC_WARN_UNUSED_VARIABLE = YES;
				IPHONEOS_DEPLOYMENT_TARGET = 10.3;
				MTL_ENABLE_DEBUG_INFO = NO;
				SDKROOT = iphoneos;
				SWIFT_OPTIMIZATION_LEVEL = "-Owholemodule";
				VALIDATE_PRODUCT = YES;
			};
			name = Release;
		};
		16E41BC11EE652F9001478EB /* Debug */ = {
			isa = XCBuildConfiguration;
			baseConfigurationReference = BBFDE0EEA41A730FD5D0A2DD /* Pods-ios_baseline.debug.xcconfig */;
			buildSettings = {
				ASSETCATALOG_COMPILER_APPICON_NAME = AppIcon;
				DEVELOPMENT_TEAM = Q3Q7QT67NG;
				FRAMEWORK_SEARCH_PATHS = (
					"$(inherited)",
					"$(PROJECT_DIR)/build/Debug-iphoneos",
				);
				INFOPLIST_FILE = ios_baseline/Info.plist;
				LD_RUNPATH_SEARCH_PATHS = "$(inherited) @executable_path/Frameworks";
				PRODUCT_BUNDLE_IDENTIFIER = "personal.ios-baseline";
				PRODUCT_NAME = Insomnia;
				SWIFT_VERSION = 3.0;
			};
			name = Debug;
		};
		16E41BC21EE652F9001478EB /* Release */ = {
			isa = XCBuildConfiguration;
			baseConfigurationReference = 882DFE79F092A6FFC23B492B /* Pods-ios_baseline.release.xcconfig */;
			buildSettings = {
				ASSETCATALOG_COMPILER_APPICON_NAME = AppIcon;
				DEVELOPMENT_TEAM = Q3Q7QT67NG;
				FRAMEWORK_SEARCH_PATHS = (
					"$(inherited)",
					"$(PROJECT_DIR)/build/Debug-iphoneos",
				);
				INFOPLIST_FILE = ios_baseline/Info.plist;
				LD_RUNPATH_SEARCH_PATHS = "$(inherited) @executable_path/Frameworks";
				PRODUCT_BUNDLE_IDENTIFIER = "personal.ios-baseline";
				PRODUCT_NAME = Insomnia;
				SWIFT_VERSION = 3.0;
			};
			name = Release;
		};
		16E41BC41EE652F9001478EB /* Debug */ = {
			isa = XCBuildConfiguration;
			baseConfigurationReference = D2D3B9F9F172560EBDBF7F55 /* Pods-ios_baselineTests.debug.xcconfig */;
			buildSettings = {
				ALWAYS_EMBED_SWIFT_STANDARD_LIBRARIES = YES;
				BUNDLE_LOADER = "$(TEST_HOST)";
				DEVELOPMENT_TEAM = Q3Q7QT67NG;
				INFOPLIST_FILE = ios_baselineTests/Info.plist;
				LD_RUNPATH_SEARCH_PATHS = "$(inherited) @executable_path/Frameworks @loader_path/Frameworks";
				PRODUCT_BUNDLE_IDENTIFIER = "personal.ios-baselineTests";
				PRODUCT_NAME = "$(TARGET_NAME)";
				SWIFT_VERSION = 3.0;
				TEST_HOST = "$(BUILT_PRODUCTS_DIR)/ios_baseline.app/ios_baseline";
			};
			name = Debug;
		};
		16E41BC51EE652F9001478EB /* Release */ = {
			isa = XCBuildConfiguration;
			baseConfigurationReference = 162EFCCA1B3A72FF93ECF8A0 /* Pods-ios_baselineTests.release.xcconfig */;
			buildSettings = {
				ALWAYS_EMBED_SWIFT_STANDARD_LIBRARIES = YES;
				BUNDLE_LOADER = "$(TEST_HOST)";
				DEVELOPMENT_TEAM = Q3Q7QT67NG;
				INFOPLIST_FILE = ios_baselineTests/Info.plist;
				LD_RUNPATH_SEARCH_PATHS = "$(inherited) @executable_path/Frameworks @loader_path/Frameworks";
				PRODUCT_BUNDLE_IDENTIFIER = "personal.ios-baselineTests";
				PRODUCT_NAME = "$(TARGET_NAME)";
				SWIFT_VERSION = 3.0;
				TEST_HOST = "$(BUILT_PRODUCTS_DIR)/ios_baseline.app/ios_baseline";
			};
			name = Release;
		};
		16E41BC71EE652F9001478EB /* Debug */ = {
			isa = XCBuildConfiguration;
			baseConfigurationReference = D84C56C60BED1A096C4FF68D /* Pods-ios_baselineUITests.debug.xcconfig */;
			buildSettings = {
				ALWAYS_EMBED_SWIFT_STANDARD_LIBRARIES = YES;
				DEVELOPMENT_TEAM = Q3Q7QT67NG;
				INFOPLIST_FILE = ios_baselineUITests/Info.plist;
				LD_RUNPATH_SEARCH_PATHS = "$(inherited) @executable_path/Frameworks @loader_path/Frameworks";
				PRODUCT_BUNDLE_IDENTIFIER = "personal.ios-baselineUITests";
				PRODUCT_NAME = "$(TARGET_NAME)";
				SWIFT_VERSION = 3.0;
				TEST_TARGET_NAME = ios_baseline;
			};
			name = Debug;
		};
		16E41BC81EE652F9001478EB /* Release */ = {
			isa = XCBuildConfiguration;
			baseConfigurationReference = 402DA56422FB9BBC54653B8E /* Pods-ios_baselineUITests.release.xcconfig */;
			buildSettings = {
				ALWAYS_EMBED_SWIFT_STANDARD_LIBRARIES = YES;
				DEVELOPMENT_TEAM = Q3Q7QT67NG;
				INFOPLIST_FILE = ios_baselineUITests/Info.plist;
				LD_RUNPATH_SEARCH_PATHS = "$(inherited) @executable_path/Frameworks @loader_path/Frameworks";
				PRODUCT_BUNDLE_IDENTIFIER = "personal.ios-baselineUITests";
				PRODUCT_NAME = "$(TARGET_NAME)";
				SWIFT_VERSION = 3.0;
				TEST_TARGET_NAME = ios_baseline;
			};
			name = Release;
		};
/* End XCBuildConfiguration section */

/* Begin XCConfigurationList section */
		16E41B931EE652F8001478EB /* Build configuration list for PBXProject "ios_baseline" */ = {
			isa = XCConfigurationList;
			buildConfigurations = (
				16E41BBE1EE652F9001478EB /* Debug */,
				16E41BBF1EE652F9001478EB /* Release */,
			);
			defaultConfigurationIsVisible = 0;
			defaultConfigurationName = Release;
		};
		16E41BC01EE652F9001478EB /* Build configuration list for PBXNativeTarget "ios_baseline" */ = {
			isa = XCConfigurationList;
			buildConfigurations = (
				16E41BC11EE652F9001478EB /* Debug */,
				16E41BC21EE652F9001478EB /* Release */,
			);
			defaultConfigurationIsVisible = 0;
			defaultConfigurationName = Release;
		};
		16E41BC31EE652F9001478EB /* Build configuration list for PBXNativeTarget "ios_baselineTests" */ = {
			isa = XCConfigurationList;
			buildConfigurations = (
				16E41BC41EE652F9001478EB /* Debug */,
				16E41BC51EE652F9001478EB /* Release */,
			);
			defaultConfigurationIsVisible = 0;
			defaultConfigurationName = Release;
		};
		16E41BC61EE652F9001478EB /* Build configuration list for PBXNativeTarget "ios_baselineUITests" */ = {
			isa = XCConfigurationList;
			buildConfigurations = (
				16E41BC71EE652F9001478EB /* Debug */,
				16E41BC81EE652F9001478EB /* Release */,
			);
			defaultConfigurationIsVisible = 0;
			defaultConfigurationName = Release;
		};
/* End XCConfigurationList section */
	};
	rootObject = 16E41B901EE652F8001478EB /* Project object */;
}
